
Microsoft Visual Studio Solution File, Format Version 12.00
# Visual Studio Version 16
VisualStudioVersion = 16.0.30907.101
MinimumVisualStudioVersion = 15.0.26124.0
Project("{9A19103F-16F7-4668-BE54-9A1E7A4F7556}") = "Optsol.Components.Application", "src\Optsol.Components.Application\Optsol.Components.Application.csproj", "{5C4B004A-C641-4F6C-91BE-1CC647EB89A9}"
EndProject
Project("{9A19103F-16F7-4668-BE54-9A1E7A4F7556}") = "Optsol.Components.Domain", "src\Optsol.Components.Domain\Optsol.Components.Domain.csproj", "{74D7EB71-FE64-45CA-8215-CD144FC0BD0E}"
EndProject
Project("{9A19103F-16F7-4668-BE54-9A1E7A4F7556}") = "Optsol.Components.Infra", "src\Optsol.Components.Infra\Optsol.Components.Infra.csproj", "{C80A01E9-0288-4309-B9F9-59D12AE70182}"
EndProject
Project("{9A19103F-16F7-4668-BE54-9A1E7A4F7556}") = "Optsol.Components.Shared", "src\Optsol.Components.Shared\Optsol.Components.Shared.csproj", "{2FBD3609-0172-4BB1-8339-4220BFE859D3}"
EndProject
Project("{2150E333-8FDC-42A3-9474-1A3956D46DE8}") = "2 - SDK", "2 - SDK", "{86076FE0-099A-11EB-AD53-654EEF259C2F}"
EndProject
Project("{2150E333-8FDC-42A3-9474-1A3956D46DE8}") = "2 - Application", "2 - Application", "{98A277D0-099A-11EB-AD53-654EEF259C2F}"
EndProject
Project("{2150E333-8FDC-42A3-9474-1A3956D46DE8}") = "3 - Domain", "3 - Domain", "{A1256C50-099A-11EB-AD53-654EEF259C2F}"
EndProject
Project("{2150E333-8FDC-42A3-9474-1A3956D46DE8}") = "4 - Infra", "4 - Infra", "{A8DC8550-099A-11EB-AD53-654EEF259C2F}"
EndProject
Project("{2150E333-8FDC-42A3-9474-1A3956D46DE8}") = "5 - Shared", "5 - Shared", "{B7B491D0-099A-11EB-AD53-654EEF259C2F}"
EndProject
Project("{2150E333-8FDC-42A3-9474-1A3956D46DE8}") = "6 - Test", "6 - Test", "{C0109D60-099A-11EB-AD53-654EEF259C2F}"
EndProject
Project("{9A19103F-16F7-4668-BE54-9A1E7A4F7556}") = "Optsol.Components.Service", "src\Optsol.Components.Service\Optsol.Components.Service.csproj", "{404E3B8A-865A-4CE8-9D78-161467B94F64}"
EndProject
Project("{2150E333-8FDC-42A3-9474-1A3956D46DE8}") = "1 - Service", "1 - Service", "{3CD84D80-0E3B-11EB-94B9-0FB324CF5AB4}"
EndProject
Project("{2150E333-8FDC-42A3-9474-1A3956D46DE8}") = "1 - Samples", "1 - Samples", "{10372380-13A6-11EB-B567-E5127B3188FE}"
EndProject
Project("{9A19103F-16F7-4668-BE54-9A1E7A4F7556}") = "Optsol.Playground.Application", "playground\Optsol.Playground.Application\Optsol.Playground.Application.csproj", "{67ABABA4-9E6A-45CE-8F45-5D5E80022581}"
EndProject
Project("{9A19103F-16F7-4668-BE54-9A1E7A4F7556}") = "Optsol.Playground.Domain", "playground\Optsol.Playground.Domain\Optsol.Playground.Domain.csproj", "{2B046F96-9DD0-437C-B15F-EFD98F2952E7}"
EndProject
Project("{9A19103F-16F7-4668-BE54-9A1E7A4F7556}") = "Optsol.Playground.Infra", "playground\Optsol.Playground.Infra\Optsol.Playground.Infra.csproj", "{1D34ED22-0004-4D8A-BC64-74DBB7A9478D}"
EndProject
Project("{9A19103F-16F7-4668-BE54-9A1E7A4F7556}") = "Optsol.Playground.Test", "playground\Optsol.Playground.Test\Optsol.Playground.Test.csproj", "{38A00196-1067-4B14-8930-63D92ABBE0B2}"
EndProject
Project("{9A19103F-16F7-4668-BE54-9A1E7A4F7556}") = "Optsol.Playground.Api", "playground\Optsol.Playground.Api\Optsol.Playground.Api.csproj", "{327825D9-B872-4A25-9551-3493BDF27048}"
EndProject
Project("{9A19103F-16F7-4668-BE54-9A1E7A4F7556}") = "Optsol.Components.Infra.MongoDB", "src\Optsol.Components.Infra.MongoDB\Optsol.Components.Infra.MongoDB.csproj", "{967A51D2-C73C-4CB7-A404-E2438FFDCD58}"
EndProject
Project("{9A19103F-16F7-4668-BE54-9A1E7A4F7556}") = "Optsol.Components.Infra.CrossCutting", "src\Optsol.Components.CrossCutting\Optsol.Components.Infra.CrossCutting.csproj", "{A0CD3EE6-124E-4652-97A9-AE582100BD5C}"
EndProject
Project("{9A19103F-16F7-4668-BE54-9A1E7A4F7556}") = "Optsol.Components.Test.Integration", "test\Optsol.Components.Test.Integration\Optsol.Components.Test.Integration.csproj", "{9C2AFCA3-804C-485E-9020-B884882AC321}"
EndProject
Project("{9A19103F-16F7-4668-BE54-9A1E7A4F7556}") = "Optsol.Components.Test.Unit", "test\Optsol.Components.Test.Unit\Optsol.Components.Test.Unit.csproj", "{AD68A577-E13F-4B02-AC6F-173AB184B721}"
EndProject
Project("{9A19103F-16F7-4668-BE54-9A1E7A4F7556}") = "Optsol.Components.Test.Utils", "test\Optsol.Components.Test.Utils\Optsol.Components.Test.Utils.csproj", "{C92F4797-84C1-48DD-ACCD-041BAF89B5D4}"
EndProject
Project("{2150E333-8FDC-42A3-9474-1A3956D46DE8}") = "0 - Solution Items", "0 - Solution Items", "{F93B663B-BABA-4F85-871A-47BFF993A0D7}"
	ProjectSection(SolutionItems) = preProject
		.gitignore = .gitignore
	EndProjectSection
EndProject
Project("{9A19103F-16F7-4668-BE54-9A1E7A4F7556}") = "Optsol.Components.Infra.Storage", "src\Optsol.Components.Infra.Storage\Optsol.Components.Infra.Storage.csproj", "{D53E7A3B-92B0-434C-849B-14ADC111D601}"
EndProject
Project("{9A19103F-16F7-4668-BE54-9A1E7A4F7556}") = "Optsol.Components.Infra.RabbitMQ", "src\Optsol.Components.Infra.RabbitMQ\Optsol.Components.Infra.RabbitMQ.csproj", "{38CF824B-8A26-494E-91CD-5AA4FFC838B5}"
EndProject
Project("{9A19103F-16F7-4668-BE54-9A1E7A4F7556}") = "Optsol.Components.Infra.ElasticSearch", "src\Optsol.Components.Infra.ElasticSearch\Optsol.Components.Infra.ElasticSearch.csproj", "{6CAD1B20-0750-4BCB-9F8C-C4F998ACD14B}"
EndProject
Project("{9A19103F-16F7-4668-BE54-9A1E7A4F7556}") = "Optsol.Components.Infra.Redis", "src\Optsol.Components.Infra.Redis\Optsol.Components.Infra.Redis.csproj", "{5AEF1FE6-8182-4506-8A27-965863E382DE}"
EndProject
Project("{9A19103F-16F7-4668-BE54-9A1E7A4F7556}") = "Optsol.Components.Infra.Firebase", "src\Optsol.Components.Infra.Firebase\Optsol.Components.Infra.Firebase.csproj", "{094EEE1C-8D87-42B5-BC39-363AEA701306}"
EndProject
Project("{FAE04EC0-301F-11D3-BF4B-00C04F79EFBC}") = "Optsol.Playground.App", "playground\Optsol.Playground.App\Optsol.Playground.App.csproj", "{DA20077A-3E2D-4F1F-9D7C-01A1F7943233}"
EndProject
Global
	GlobalSection(SolutionConfigurationPlatforms) = preSolution
		Debug|Any CPU = Debug|Any CPU
		Debug|x64 = Debug|x64
		Debug|x86 = Debug|x86
		Release|Any CPU = Release|Any CPU
		Release|x64 = Release|x64
		Release|x86 = Release|x86
	EndGlobalSection
	GlobalSection(ProjectConfigurationPlatforms) = postSolution
		{5C4B004A-C641-4F6C-91BE-1CC647EB89A9}.Debug|Any CPU.ActiveCfg = Debug|Any CPU
		{5C4B004A-C641-4F6C-91BE-1CC647EB89A9}.Debug|Any CPU.Build.0 = Debug|Any CPU
		{5C4B004A-C641-4F6C-91BE-1CC647EB89A9}.Debug|x64.ActiveCfg = Debug|Any CPU
		{5C4B004A-C641-4F6C-91BE-1CC647EB89A9}.Debug|x64.Build.0 = Debug|Any CPU
		{5C4B004A-C641-4F6C-91BE-1CC647EB89A9}.Debug|x86.ActiveCfg = Debug|Any CPU
		{5C4B004A-C641-4F6C-91BE-1CC647EB89A9}.Debug|x86.Build.0 = Debug|Any CPU
		{5C4B004A-C641-4F6C-91BE-1CC647EB89A9}.Release|Any CPU.ActiveCfg = Release|Any CPU
		{5C4B004A-C641-4F6C-91BE-1CC647EB89A9}.Release|Any CPU.Build.0 = Release|Any CPU
		{5C4B004A-C641-4F6C-91BE-1CC647EB89A9}.Release|x64.ActiveCfg = Release|Any CPU
		{5C4B004A-C641-4F6C-91BE-1CC647EB89A9}.Release|x64.Build.0 = Release|Any CPU
		{5C4B004A-C641-4F6C-91BE-1CC647EB89A9}.Release|x86.ActiveCfg = Release|Any CPU
		{5C4B004A-C641-4F6C-91BE-1CC647EB89A9}.Release|x86.Build.0 = Release|Any CPU
		{74D7EB71-FE64-45CA-8215-CD144FC0BD0E}.Debug|Any CPU.ActiveCfg = Debug|Any CPU
		{74D7EB71-FE64-45CA-8215-CD144FC0BD0E}.Debug|Any CPU.Build.0 = Debug|Any CPU
		{74D7EB71-FE64-45CA-8215-CD144FC0BD0E}.Debug|x64.ActiveCfg = Debug|Any CPU
		{74D7EB71-FE64-45CA-8215-CD144FC0BD0E}.Debug|x64.Build.0 = Debug|Any CPU
		{74D7EB71-FE64-45CA-8215-CD144FC0BD0E}.Debug|x86.ActiveCfg = Debug|Any CPU
		{74D7EB71-FE64-45CA-8215-CD144FC0BD0E}.Debug|x86.Build.0 = Debug|Any CPU
		{74D7EB71-FE64-45CA-8215-CD144FC0BD0E}.Release|Any CPU.ActiveCfg = Release|Any CPU
		{74D7EB71-FE64-45CA-8215-CD144FC0BD0E}.Release|Any CPU.Build.0 = Release|Any CPU
		{74D7EB71-FE64-45CA-8215-CD144FC0BD0E}.Release|x64.ActiveCfg = Release|Any CPU
		{74D7EB71-FE64-45CA-8215-CD144FC0BD0E}.Release|x64.Build.0 = Release|Any CPU
		{74D7EB71-FE64-45CA-8215-CD144FC0BD0E}.Release|x86.ActiveCfg = Release|Any CPU
		{74D7EB71-FE64-45CA-8215-CD144FC0BD0E}.Release|x86.Build.0 = Release|Any CPU
		{C80A01E9-0288-4309-B9F9-59D12AE70182}.Debug|Any CPU.ActiveCfg = Debug|Any CPU
		{C80A01E9-0288-4309-B9F9-59D12AE70182}.Debug|Any CPU.Build.0 = Debug|Any CPU
		{C80A01E9-0288-4309-B9F9-59D12AE70182}.Debug|x64.ActiveCfg = Debug|Any CPU
		{C80A01E9-0288-4309-B9F9-59D12AE70182}.Debug|x64.Build.0 = Debug|Any CPU
		{C80A01E9-0288-4309-B9F9-59D12AE70182}.Debug|x86.ActiveCfg = Debug|Any CPU
		{C80A01E9-0288-4309-B9F9-59D12AE70182}.Debug|x86.Build.0 = Debug|Any CPU
		{C80A01E9-0288-4309-B9F9-59D12AE70182}.Release|Any CPU.ActiveCfg = Release|Any CPU
		{C80A01E9-0288-4309-B9F9-59D12AE70182}.Release|Any CPU.Build.0 = Release|Any CPU
		{C80A01E9-0288-4309-B9F9-59D12AE70182}.Release|x64.ActiveCfg = Release|Any CPU
		{C80A01E9-0288-4309-B9F9-59D12AE70182}.Release|x64.Build.0 = Release|Any CPU
		{C80A01E9-0288-4309-B9F9-59D12AE70182}.Release|x86.ActiveCfg = Release|Any CPU
		{C80A01E9-0288-4309-B9F9-59D12AE70182}.Release|x86.Build.0 = Release|Any CPU
		{2FBD3609-0172-4BB1-8339-4220BFE859D3}.Debug|Any CPU.ActiveCfg = Debug|Any CPU
		{2FBD3609-0172-4BB1-8339-4220BFE859D3}.Debug|Any CPU.Build.0 = Debug|Any CPU
		{2FBD3609-0172-4BB1-8339-4220BFE859D3}.Debug|x64.ActiveCfg = Debug|Any CPU
		{2FBD3609-0172-4BB1-8339-4220BFE859D3}.Debug|x64.Build.0 = Debug|Any CPU
		{2FBD3609-0172-4BB1-8339-4220BFE859D3}.Debug|x86.ActiveCfg = Debug|Any CPU
		{2FBD3609-0172-4BB1-8339-4220BFE859D3}.Debug|x86.Build.0 = Debug|Any CPU
		{2FBD3609-0172-4BB1-8339-4220BFE859D3}.Release|Any CPU.ActiveCfg = Release|Any CPU
		{2FBD3609-0172-4BB1-8339-4220BFE859D3}.Release|Any CPU.Build.0 = Release|Any CPU
		{2FBD3609-0172-4BB1-8339-4220BFE859D3}.Release|x64.ActiveCfg = Release|Any CPU
		{2FBD3609-0172-4BB1-8339-4220BFE859D3}.Release|x64.Build.0 = Release|Any CPU
		{2FBD3609-0172-4BB1-8339-4220BFE859D3}.Release|x86.ActiveCfg = Release|Any CPU
		{2FBD3609-0172-4BB1-8339-4220BFE859D3}.Release|x86.Build.0 = Release|Any CPU
		{404E3B8A-865A-4CE8-9D78-161467B94F64}.Debug|Any CPU.ActiveCfg = Debug|Any CPU
		{404E3B8A-865A-4CE8-9D78-161467B94F64}.Debug|Any CPU.Build.0 = Debug|Any CPU
		{404E3B8A-865A-4CE8-9D78-161467B94F64}.Debug|x64.ActiveCfg = Debug|Any CPU
		{404E3B8A-865A-4CE8-9D78-161467B94F64}.Debug|x64.Build.0 = Debug|Any CPU
		{404E3B8A-865A-4CE8-9D78-161467B94F64}.Debug|x86.ActiveCfg = Debug|Any CPU
		{404E3B8A-865A-4CE8-9D78-161467B94F64}.Debug|x86.Build.0 = Debug|Any CPU
		{404E3B8A-865A-4CE8-9D78-161467B94F64}.Release|Any CPU.ActiveCfg = Release|Any CPU
		{404E3B8A-865A-4CE8-9D78-161467B94F64}.Release|Any CPU.Build.0 = Release|Any CPU
		{404E3B8A-865A-4CE8-9D78-161467B94F64}.Release|x64.ActiveCfg = Release|Any CPU
		{404E3B8A-865A-4CE8-9D78-161467B94F64}.Release|x64.Build.0 = Release|Any CPU
		{404E3B8A-865A-4CE8-9D78-161467B94F64}.Release|x86.ActiveCfg = Release|Any CPU
		{404E3B8A-865A-4CE8-9D78-161467B94F64}.Release|x86.Build.0 = Release|Any CPU
		{67ABABA4-9E6A-45CE-8F45-5D5E80022581}.Debug|Any CPU.ActiveCfg = Debug|Any CPU
		{67ABABA4-9E6A-45CE-8F45-5D5E80022581}.Debug|Any CPU.Build.0 = Debug|Any CPU
		{67ABABA4-9E6A-45CE-8F45-5D5E80022581}.Debug|x64.ActiveCfg = Debug|Any CPU
		{67ABABA4-9E6A-45CE-8F45-5D5E80022581}.Debug|x64.Build.0 = Debug|Any CPU
		{67ABABA4-9E6A-45CE-8F45-5D5E80022581}.Debug|x86.ActiveCfg = Debug|Any CPU
		{67ABABA4-9E6A-45CE-8F45-5D5E80022581}.Debug|x86.Build.0 = Debug|Any CPU
		{67ABABA4-9E6A-45CE-8F45-5D5E80022581}.Release|Any CPU.ActiveCfg = Release|Any CPU
		{67ABABA4-9E6A-45CE-8F45-5D5E80022581}.Release|Any CPU.Build.0 = Release|Any CPU
		{67ABABA4-9E6A-45CE-8F45-5D5E80022581}.Release|x64.ActiveCfg = Release|Any CPU
		{67ABABA4-9E6A-45CE-8F45-5D5E80022581}.Release|x64.Build.0 = Release|Any CPU
		{67ABABA4-9E6A-45CE-8F45-5D5E80022581}.Release|x86.ActiveCfg = Release|Any CPU
		{67ABABA4-9E6A-45CE-8F45-5D5E80022581}.Release|x86.Build.0 = Release|Any CPU
		{2B046F96-9DD0-437C-B15F-EFD98F2952E7}.Debug|Any CPU.ActiveCfg = Debug|Any CPU
		{2B046F96-9DD0-437C-B15F-EFD98F2952E7}.Debug|Any CPU.Build.0 = Debug|Any CPU
		{2B046F96-9DD0-437C-B15F-EFD98F2952E7}.Debug|x64.ActiveCfg = Debug|Any CPU
		{2B046F96-9DD0-437C-B15F-EFD98F2952E7}.Debug|x64.Build.0 = Debug|Any CPU
		{2B046F96-9DD0-437C-B15F-EFD98F2952E7}.Debug|x86.ActiveCfg = Debug|Any CPU
		{2B046F96-9DD0-437C-B15F-EFD98F2952E7}.Debug|x86.Build.0 = Debug|Any CPU
		{2B046F96-9DD0-437C-B15F-EFD98F2952E7}.Release|Any CPU.ActiveCfg = Release|Any CPU
		{2B046F96-9DD0-437C-B15F-EFD98F2952E7}.Release|Any CPU.Build.0 = Release|Any CPU
		{2B046F96-9DD0-437C-B15F-EFD98F2952E7}.Release|x64.ActiveCfg = Release|Any CPU
		{2B046F96-9DD0-437C-B15F-EFD98F2952E7}.Release|x64.Build.0 = Release|Any CPU
		{2B046F96-9DD0-437C-B15F-EFD98F2952E7}.Release|x86.ActiveCfg = Release|Any CPU
		{2B046F96-9DD0-437C-B15F-EFD98F2952E7}.Release|x86.Build.0 = Release|Any CPU
		{1D34ED22-0004-4D8A-BC64-74DBB7A9478D}.Debug|Any CPU.ActiveCfg = Debug|Any CPU
		{1D34ED22-0004-4D8A-BC64-74DBB7A9478D}.Debug|Any CPU.Build.0 = Debug|Any CPU
		{1D34ED22-0004-4D8A-BC64-74DBB7A9478D}.Debug|x64.ActiveCfg = Debug|Any CPU
		{1D34ED22-0004-4D8A-BC64-74DBB7A9478D}.Debug|x64.Build.0 = Debug|Any CPU
		{1D34ED22-0004-4D8A-BC64-74DBB7A9478D}.Debug|x86.ActiveCfg = Debug|Any CPU
		{1D34ED22-0004-4D8A-BC64-74DBB7A9478D}.Debug|x86.Build.0 = Debug|Any CPU
		{1D34ED22-0004-4D8A-BC64-74DBB7A9478D}.Release|Any CPU.ActiveCfg = Release|Any CPU
		{1D34ED22-0004-4D8A-BC64-74DBB7A9478D}.Release|Any CPU.Build.0 = Release|Any CPU
		{1D34ED22-0004-4D8A-BC64-74DBB7A9478D}.Release|x64.ActiveCfg = Release|Any CPU
		{1D34ED22-0004-4D8A-BC64-74DBB7A9478D}.Release|x64.Build.0 = Release|Any CPU
		{1D34ED22-0004-4D8A-BC64-74DBB7A9478D}.Release|x86.ActiveCfg = Release|Any CPU
		{1D34ED22-0004-4D8A-BC64-74DBB7A9478D}.Release|x86.Build.0 = Release|Any CPU
		{38A00196-1067-4B14-8930-63D92ABBE0B2}.Debug|Any CPU.ActiveCfg = Debug|Any CPU
		{38A00196-1067-4B14-8930-63D92ABBE0B2}.Debug|Any CPU.Build.0 = Debug|Any CPU
		{38A00196-1067-4B14-8930-63D92ABBE0B2}.Debug|x64.ActiveCfg = Debug|Any CPU
		{38A00196-1067-4B14-8930-63D92ABBE0B2}.Debug|x64.Build.0 = Debug|Any CPU
		{38A00196-1067-4B14-8930-63D92ABBE0B2}.Debug|x86.ActiveCfg = Debug|Any CPU
		{38A00196-1067-4B14-8930-63D92ABBE0B2}.Debug|x86.Build.0 = Debug|Any CPU
		{38A00196-1067-4B14-8930-63D92ABBE0B2}.Release|Any CPU.ActiveCfg = Release|Any CPU
		{38A00196-1067-4B14-8930-63D92ABBE0B2}.Release|Any CPU.Build.0 = Release|Any CPU
		{38A00196-1067-4B14-8930-63D92ABBE0B2}.Release|x64.ActiveCfg = Release|Any CPU
		{38A00196-1067-4B14-8930-63D92ABBE0B2}.Release|x64.Build.0 = Release|Any CPU
		{38A00196-1067-4B14-8930-63D92ABBE0B2}.Release|x86.ActiveCfg = Release|Any CPU
		{38A00196-1067-4B14-8930-63D92ABBE0B2}.Release|x86.Build.0 = Release|Any CPU
		{327825D9-B872-4A25-9551-3493BDF27048}.Debug|Any CPU.ActiveCfg = Debug|Any CPU
		{327825D9-B872-4A25-9551-3493BDF27048}.Debug|Any CPU.Build.0 = Debug|Any CPU
		{327825D9-B872-4A25-9551-3493BDF27048}.Debug|x64.ActiveCfg = Debug|Any CPU
		{327825D9-B872-4A25-9551-3493BDF27048}.Debug|x64.Build.0 = Debug|Any CPU
		{327825D9-B872-4A25-9551-3493BDF27048}.Debug|x86.ActiveCfg = Debug|Any CPU
		{327825D9-B872-4A25-9551-3493BDF27048}.Debug|x86.Build.0 = Debug|Any CPU
		{327825D9-B872-4A25-9551-3493BDF27048}.Release|Any CPU.ActiveCfg = Release|Any CPU
		{327825D9-B872-4A25-9551-3493BDF27048}.Release|Any CPU.Build.0 = Release|Any CPU
		{327825D9-B872-4A25-9551-3493BDF27048}.Release|x64.ActiveCfg = Release|Any CPU
		{327825D9-B872-4A25-9551-3493BDF27048}.Release|x64.Build.0 = Release|Any CPU
		{327825D9-B872-4A25-9551-3493BDF27048}.Release|x86.ActiveCfg = Release|Any CPU
		{327825D9-B872-4A25-9551-3493BDF27048}.Release|x86.Build.0 = Release|Any CPU
		{967A51D2-C73C-4CB7-A404-E2438FFDCD58}.Debug|Any CPU.ActiveCfg = Debug|Any CPU
		{967A51D2-C73C-4CB7-A404-E2438FFDCD58}.Debug|Any CPU.Build.0 = Debug|Any CPU
		{967A51D2-C73C-4CB7-A404-E2438FFDCD58}.Debug|x64.ActiveCfg = Debug|Any CPU
		{967A51D2-C73C-4CB7-A404-E2438FFDCD58}.Debug|x64.Build.0 = Debug|Any CPU
		{967A51D2-C73C-4CB7-A404-E2438FFDCD58}.Debug|x86.ActiveCfg = Debug|Any CPU
		{967A51D2-C73C-4CB7-A404-E2438FFDCD58}.Debug|x86.Build.0 = Debug|Any CPU
		{967A51D2-C73C-4CB7-A404-E2438FFDCD58}.Release|Any CPU.ActiveCfg = Release|Any CPU
		{967A51D2-C73C-4CB7-A404-E2438FFDCD58}.Release|Any CPU.Build.0 = Release|Any CPU
		{967A51D2-C73C-4CB7-A404-E2438FFDCD58}.Release|x64.ActiveCfg = Release|Any CPU
		{967A51D2-C73C-4CB7-A404-E2438FFDCD58}.Release|x64.Build.0 = Release|Any CPU
		{967A51D2-C73C-4CB7-A404-E2438FFDCD58}.Release|x86.ActiveCfg = Release|Any CPU
		{967A51D2-C73C-4CB7-A404-E2438FFDCD58}.Release|x86.Build.0 = Release|Any CPU
		{A0CD3EE6-124E-4652-97A9-AE582100BD5C}.Debug|Any CPU.ActiveCfg = Debug|Any CPU
		{A0CD3EE6-124E-4652-97A9-AE582100BD5C}.Debug|Any CPU.Build.0 = Debug|Any CPU
		{A0CD3EE6-124E-4652-97A9-AE582100BD5C}.Debug|x64.ActiveCfg = Debug|Any CPU
		{A0CD3EE6-124E-4652-97A9-AE582100BD5C}.Debug|x64.Build.0 = Debug|Any CPU
		{A0CD3EE6-124E-4652-97A9-AE582100BD5C}.Debug|x86.ActiveCfg = Debug|Any CPU
		{A0CD3EE6-124E-4652-97A9-AE582100BD5C}.Debug|x86.Build.0 = Debug|Any CPU
		{A0CD3EE6-124E-4652-97A9-AE582100BD5C}.Release|Any CPU.ActiveCfg = Release|Any CPU
		{A0CD3EE6-124E-4652-97A9-AE582100BD5C}.Release|Any CPU.Build.0 = Release|Any CPU
		{A0CD3EE6-124E-4652-97A9-AE582100BD5C}.Release|x64.ActiveCfg = Release|Any CPU
		{A0CD3EE6-124E-4652-97A9-AE582100BD5C}.Release|x64.Build.0 = Release|Any CPU
		{A0CD3EE6-124E-4652-97A9-AE582100BD5C}.Release|x86.ActiveCfg = Release|Any CPU
		{A0CD3EE6-124E-4652-97A9-AE582100BD5C}.Release|x86.Build.0 = Release|Any CPU
		{9C2AFCA3-804C-485E-9020-B884882AC321}.Debug|Any CPU.ActiveCfg = Debug|Any CPU
		{9C2AFCA3-804C-485E-9020-B884882AC321}.Debug|Any CPU.Build.0 = Debug|Any CPU
		{9C2AFCA3-804C-485E-9020-B884882AC321}.Debug|x64.ActiveCfg = Debug|Any CPU
		{9C2AFCA3-804C-485E-9020-B884882AC321}.Debug|x64.Build.0 = Debug|Any CPU
		{9C2AFCA3-804C-485E-9020-B884882AC321}.Debug|x86.ActiveCfg = Debug|Any CPU
		{9C2AFCA3-804C-485E-9020-B884882AC321}.Debug|x86.Build.0 = Debug|Any CPU
		{9C2AFCA3-804C-485E-9020-B884882AC321}.Release|Any CPU.ActiveCfg = Release|Any CPU
		{9C2AFCA3-804C-485E-9020-B884882AC321}.Release|Any CPU.Build.0 = Release|Any CPU
		{9C2AFCA3-804C-485E-9020-B884882AC321}.Release|x64.ActiveCfg = Release|Any CPU
		{9C2AFCA3-804C-485E-9020-B884882AC321}.Release|x64.Build.0 = Release|Any CPU
		{9C2AFCA3-804C-485E-9020-B884882AC321}.Release|x86.ActiveCfg = Release|Any CPU
		{9C2AFCA3-804C-485E-9020-B884882AC321}.Release|x86.Build.0 = Release|Any CPU
		{AD68A577-E13F-4B02-AC6F-173AB184B721}.Debug|Any CPU.ActiveCfg = Debug|Any CPU
		{AD68A577-E13F-4B02-AC6F-173AB184B721}.Debug|Any CPU.Build.0 = Debug|Any CPU
		{AD68A577-E13F-4B02-AC6F-173AB184B721}.Debug|x64.ActiveCfg = Debug|Any CPU
		{AD68A577-E13F-4B02-AC6F-173AB184B721}.Debug|x64.Build.0 = Debug|Any CPU
		{AD68A577-E13F-4B02-AC6F-173AB184B721}.Debug|x86.ActiveCfg = Debug|Any CPU
		{AD68A577-E13F-4B02-AC6F-173AB184B721}.Debug|x86.Build.0 = Debug|Any CPU
		{AD68A577-E13F-4B02-AC6F-173AB184B721}.Release|Any CPU.ActiveCfg = Release|Any CPU
		{AD68A577-E13F-4B02-AC6F-173AB184B721}.Release|Any CPU.Build.0 = Release|Any CPU
		{AD68A577-E13F-4B02-AC6F-173AB184B721}.Release|x64.ActiveCfg = Release|Any CPU
		{AD68A577-E13F-4B02-AC6F-173AB184B721}.Release|x64.Build.0 = Release|Any CPU
		{AD68A577-E13F-4B02-AC6F-173AB184B721}.Release|x86.ActiveCfg = Release|Any CPU
		{AD68A577-E13F-4B02-AC6F-173AB184B721}.Release|x86.Build.0 = Release|Any CPU
		{C92F4797-84C1-48DD-ACCD-041BAF89B5D4}.Debug|Any CPU.ActiveCfg = Debug|Any CPU
		{C92F4797-84C1-48DD-ACCD-041BAF89B5D4}.Debug|Any CPU.Build.0 = Debug|Any CPU
		{C92F4797-84C1-48DD-ACCD-041BAF89B5D4}.Debug|x64.ActiveCfg = Debug|Any CPU
		{C92F4797-84C1-48DD-ACCD-041BAF89B5D4}.Debug|x64.Build.0 = Debug|Any CPU
		{C92F4797-84C1-48DD-ACCD-041BAF89B5D4}.Debug|x86.ActiveCfg = Debug|Any CPU
		{C92F4797-84C1-48DD-ACCD-041BAF89B5D4}.Debug|x86.Build.0 = Debug|Any CPU
		{C92F4797-84C1-48DD-ACCD-041BAF89B5D4}.Release|Any CPU.ActiveCfg = Release|Any CPU
		{C92F4797-84C1-48DD-ACCD-041BAF89B5D4}.Release|Any CPU.Build.0 = Release|Any CPU
		{C92F4797-84C1-48DD-ACCD-041BAF89B5D4}.Release|x64.ActiveCfg = Release|Any CPU
		{C92F4797-84C1-48DD-ACCD-041BAF89B5D4}.Release|x64.Build.0 = Release|Any CPU
		{C92F4797-84C1-48DD-ACCD-041BAF89B5D4}.Release|x86.ActiveCfg = Release|Any CPU
		{C92F4797-84C1-48DD-ACCD-041BAF89B5D4}.Release|x86.Build.0 = Release|Any CPU
		{D53E7A3B-92B0-434C-849B-14ADC111D601}.Debug|Any CPU.ActiveCfg = Debug|Any CPU
		{D53E7A3B-92B0-434C-849B-14ADC111D601}.Debug|Any CPU.Build.0 = Debug|Any CPU
		{D53E7A3B-92B0-434C-849B-14ADC111D601}.Debug|x64.ActiveCfg = Debug|Any CPU
		{D53E7A3B-92B0-434C-849B-14ADC111D601}.Debug|x64.Build.0 = Debug|Any CPU
		{D53E7A3B-92B0-434C-849B-14ADC111D601}.Debug|x86.ActiveCfg = Debug|Any CPU
		{D53E7A3B-92B0-434C-849B-14ADC111D601}.Debug|x86.Build.0 = Debug|Any CPU
		{D53E7A3B-92B0-434C-849B-14ADC111D601}.Release|Any CPU.ActiveCfg = Release|Any CPU
		{D53E7A3B-92B0-434C-849B-14ADC111D601}.Release|Any CPU.Build.0 = Release|Any CPU
		{D53E7A3B-92B0-434C-849B-14ADC111D601}.Release|x64.ActiveCfg = Release|Any CPU
		{D53E7A3B-92B0-434C-849B-14ADC111D601}.Release|x64.Build.0 = Release|Any CPU
		{D53E7A3B-92B0-434C-849B-14ADC111D601}.Release|x86.ActiveCfg = Release|Any CPU
		{D53E7A3B-92B0-434C-849B-14ADC111D601}.Release|x86.Build.0 = Release|Any CPU
		{38CF824B-8A26-494E-91CD-5AA4FFC838B5}.Debug|Any CPU.ActiveCfg = Debug|Any CPU
		{38CF824B-8A26-494E-91CD-5AA4FFC838B5}.Debug|Any CPU.Build.0 = Debug|Any CPU
		{38CF824B-8A26-494E-91CD-5AA4FFC838B5}.Debug|x64.ActiveCfg = Debug|Any CPU
		{38CF824B-8A26-494E-91CD-5AA4FFC838B5}.Debug|x64.Build.0 = Debug|Any CPU
		{38CF824B-8A26-494E-91CD-5AA4FFC838B5}.Debug|x86.ActiveCfg = Debug|Any CPU
		{38CF824B-8A26-494E-91CD-5AA4FFC838B5}.Debug|x86.Build.0 = Debug|Any CPU
		{38CF824B-8A26-494E-91CD-5AA4FFC838B5}.Release|Any CPU.ActiveCfg = Release|Any CPU
		{38CF824B-8A26-494E-91CD-5AA4FFC838B5}.Release|Any CPU.Build.0 = Release|Any CPU
		{38CF824B-8A26-494E-91CD-5AA4FFC838B5}.Release|x64.ActiveCfg = Release|Any CPU
		{38CF824B-8A26-494E-91CD-5AA4FFC838B5}.Release|x64.Build.0 = Release|Any CPU
		{38CF824B-8A26-494E-91CD-5AA4FFC838B5}.Release|x86.ActiveCfg = Release|Any CPU
		{38CF824B-8A26-494E-91CD-5AA4FFC838B5}.Release|x86.Build.0 = Release|Any CPU
		{6CAD1B20-0750-4BCB-9F8C-C4F998ACD14B}.Debug|Any CPU.ActiveCfg = Debug|Any CPU
		{6CAD1B20-0750-4BCB-9F8C-C4F998ACD14B}.Debug|Any CPU.Build.0 = Debug|Any CPU
		{6CAD1B20-0750-4BCB-9F8C-C4F998ACD14B}.Debug|x64.ActiveCfg = Debug|Any CPU
		{6CAD1B20-0750-4BCB-9F8C-C4F998ACD14B}.Debug|x64.Build.0 = Debug|Any CPU
		{6CAD1B20-0750-4BCB-9F8C-C4F998ACD14B}.Debug|x86.ActiveCfg = Debug|Any CPU
		{6CAD1B20-0750-4BCB-9F8C-C4F998ACD14B}.Debug|x86.Build.0 = Debug|Any CPU
		{6CAD1B20-0750-4BCB-9F8C-C4F998ACD14B}.Release|Any CPU.ActiveCfg = Release|Any CPU
		{6CAD1B20-0750-4BCB-9F8C-C4F998ACD14B}.Release|Any CPU.Build.0 = Release|Any CPU
		{6CAD1B20-0750-4BCB-9F8C-C4F998ACD14B}.Release|x64.ActiveCfg = Release|Any CPU
		{6CAD1B20-0750-4BCB-9F8C-C4F998ACD14B}.Release|x64.Build.0 = Release|Any CPU
		{6CAD1B20-0750-4BCB-9F8C-C4F998ACD14B}.Release|x86.ActiveCfg = Release|Any CPU
		{6CAD1B20-0750-4BCB-9F8C-C4F998ACD14B}.Release|x86.Build.0 = Release|Any CPU
		{5AEF1FE6-8182-4506-8A27-965863E382DE}.Debug|Any CPU.ActiveCfg = Debug|Any CPU
		{5AEF1FE6-8182-4506-8A27-965863E382DE}.Debug|Any CPU.Build.0 = Debug|Any CPU
		{5AEF1FE6-8182-4506-8A27-965863E382DE}.Debug|x64.ActiveCfg = Debug|Any CPU
		{5AEF1FE6-8182-4506-8A27-965863E382DE}.Debug|x64.Build.0 = Debug|Any CPU
		{5AEF1FE6-8182-4506-8A27-965863E382DE}.Debug|x86.ActiveCfg = Debug|Any CPU
		{5AEF1FE6-8182-4506-8A27-965863E382DE}.Debug|x86.Build.0 = Debug|Any CPU
		{5AEF1FE6-8182-4506-8A27-965863E382DE}.Release|Any CPU.ActiveCfg = Release|Any CPU
		{5AEF1FE6-8182-4506-8A27-965863E382DE}.Release|Any CPU.Build.0 = Release|Any CPU
		{5AEF1FE6-8182-4506-8A27-965863E382DE}.Release|x64.ActiveCfg = Release|Any CPU
		{5AEF1FE6-8182-4506-8A27-965863E382DE}.Release|x64.Build.0 = Release|Any CPU
		{5AEF1FE6-8182-4506-8A27-965863E382DE}.Release|x86.ActiveCfg = Release|Any CPU
		{5AEF1FE6-8182-4506-8A27-965863E382DE}.Release|x86.Build.0 = Release|Any CPU
		{094EEE1C-8D87-42B5-BC39-363AEA701306}.Debug|Any CPU.ActiveCfg = Debug|Any CPU
		{094EEE1C-8D87-42B5-BC39-363AEA701306}.Debug|Any CPU.Build.0 = Debug|Any CPU
		{094EEE1C-8D87-42B5-BC39-363AEA701306}.Debug|x64.ActiveCfg = Debug|Any CPU
		{094EEE1C-8D87-42B5-BC39-363AEA701306}.Debug|x64.Build.0 = Debug|Any CPU
		{094EEE1C-8D87-42B5-BC39-363AEA701306}.Debug|x86.ActiveCfg = Debug|Any CPU
		{094EEE1C-8D87-42B5-BC39-363AEA701306}.Debug|x86.Build.0 = Debug|Any CPU
		{094EEE1C-8D87-42B5-BC39-363AEA701306}.Release|Any CPU.ActiveCfg = Release|Any CPU
		{094EEE1C-8D87-42B5-BC39-363AEA701306}.Release|Any CPU.Build.0 = Release|Any CPU
		{094EEE1C-8D87-42B5-BC39-363AEA701306}.Release|x64.ActiveCfg = Release|Any CPU
		{094EEE1C-8D87-42B5-BC39-363AEA701306}.Release|x64.Build.0 = Release|Any CPU
		{094EEE1C-8D87-42B5-BC39-363AEA701306}.Release|x86.ActiveCfg = Release|Any CPU
		{094EEE1C-8D87-42B5-BC39-363AEA701306}.Release|x86.Build.0 = Release|Any CPU
		{DA20077A-3E2D-4F1F-9D7C-01A1F7943233}.Debug|Any CPU.ActiveCfg = Debug|Any CPU
		{DA20077A-3E2D-4F1F-9D7C-01A1F7943233}.Debug|Any CPU.Build.0 = Debug|Any CPU
		{DA20077A-3E2D-4F1F-9D7C-01A1F7943233}.Debug|x64.ActiveCfg = Debug|Any CPU
		{DA20077A-3E2D-4F1F-9D7C-01A1F7943233}.Debug|x64.Build.0 = Debug|Any CPU
		{DA20077A-3E2D-4F1F-9D7C-01A1F7943233}.Debug|x86.ActiveCfg = Debug|Any CPU
		{DA20077A-3E2D-4F1F-9D7C-01A1F7943233}.Debug|x86.Build.0 = Debug|Any CPU
		{DA20077A-3E2D-4F1F-9D7C-01A1F7943233}.Release|Any CPU.ActiveCfg = Release|Any CPU
		{DA20077A-3E2D-4F1F-9D7C-01A1F7943233}.Release|Any CPU.Build.0 = Release|Any CPU
		{DA20077A-3E2D-4F1F-9D7C-01A1F7943233}.Release|x64.ActiveCfg = Release|Any CPU
		{DA20077A-3E2D-4F1F-9D7C-01A1F7943233}.Release|x64.Build.0 = Release|Any CPU
		{DA20077A-3E2D-4F1F-9D7C-01A1F7943233}.Release|x86.ActiveCfg = Release|Any CPU
		{DA20077A-3E2D-4F1F-9D7C-01A1F7943233}.Release|x86.Build.0 = Release|Any CPU
	EndGlobalSection
	GlobalSection(SolutionProperties) = preSolution
		HideSolutionNode = FALSE
	EndGlobalSection
	GlobalSection(NestedProjects) = preSolution
		{5C4B004A-C641-4F6C-91BE-1CC647EB89A9} = {98A277D0-099A-11EB-AD53-654EEF259C2F}
		{74D7EB71-FE64-45CA-8215-CD144FC0BD0E} = {A1256C50-099A-11EB-AD53-654EEF259C2F}
		{C80A01E9-0288-4309-B9F9-59D12AE70182} = {A8DC8550-099A-11EB-AD53-654EEF259C2F}
		{2FBD3609-0172-4BB1-8339-4220BFE859D3} = {B7B491D0-099A-11EB-AD53-654EEF259C2F}
		{98A277D0-099A-11EB-AD53-654EEF259C2F} = {86076FE0-099A-11EB-AD53-654EEF259C2F}
		{A1256C50-099A-11EB-AD53-654EEF259C2F} = {86076FE0-099A-11EB-AD53-654EEF259C2F}
		{A8DC8550-099A-11EB-AD53-654EEF259C2F} = {86076FE0-099A-11EB-AD53-654EEF259C2F}
		{B7B491D0-099A-11EB-AD53-654EEF259C2F} = {86076FE0-099A-11EB-AD53-654EEF259C2F}
		{C0109D60-099A-11EB-AD53-654EEF259C2F} = {86076FE0-099A-11EB-AD53-654EEF259C2F}
		{404E3B8A-865A-4CE8-9D78-161467B94F64} = {3CD84D80-0E3B-11EB-94B9-0FB324CF5AB4}
		{3CD84D80-0E3B-11EB-94B9-0FB324CF5AB4} = {86076FE0-099A-11EB-AD53-654EEF259C2F}
		{67ABABA4-9E6A-45CE-8F45-5D5E80022581} = {10372380-13A6-11EB-B567-E5127B3188FE}
		{2B046F96-9DD0-437C-B15F-EFD98F2952E7} = {10372380-13A6-11EB-B567-E5127B3188FE}
		{1D34ED22-0004-4D8A-BC64-74DBB7A9478D} = {10372380-13A6-11EB-B567-E5127B3188FE}
		{38A00196-1067-4B14-8930-63D92ABBE0B2} = {10372380-13A6-11EB-B567-E5127B3188FE}
		{327825D9-B872-4A25-9551-3493BDF27048} = {10372380-13A6-11EB-B567-E5127B3188FE}
		{967A51D2-C73C-4CB7-A404-E2438FFDCD58} = {A8DC8550-099A-11EB-AD53-654EEF259C2F}
		{A0CD3EE6-124E-4652-97A9-AE582100BD5C} = {A8DC8550-099A-11EB-AD53-654EEF259C2F}
		{9C2AFCA3-804C-485E-9020-B884882AC321} = {C0109D60-099A-11EB-AD53-654EEF259C2F}
		{AD68A577-E13F-4B02-AC6F-173AB184B721} = {C0109D60-099A-11EB-AD53-654EEF259C2F}
		{C92F4797-84C1-48DD-ACCD-041BAF89B5D4} = {C0109D60-099A-11EB-AD53-654EEF259C2F}
		{D53E7A3B-92B0-434C-849B-14ADC111D601} = {A8DC8550-099A-11EB-AD53-654EEF259C2F}
		{38CF824B-8A26-494E-91CD-5AA4FFC838B5} = {A8DC8550-099A-11EB-AD53-654EEF259C2F}
		{6CAD1B20-0750-4BCB-9F8C-C4F998ACD14B} = {A8DC8550-099A-11EB-AD53-654EEF259C2F}
		{5AEF1FE6-8182-4506-8A27-965863E382DE} = {A8DC8550-099A-11EB-AD53-654EEF259C2F}
		{094EEE1C-8D87-42B5-BC39-363AEA701306} = {A8DC8550-099A-11EB-AD53-654EEF259C2F}
		{DA20077A-3E2D-4F1F-9D7C-01A1F7943233} = {10372380-13A6-11EB-B567-E5127B3188FE}
	EndGlobalSection
	GlobalSection(ExtensibilityGlobals) = postSolution
		SolutionGuid = {66165739-5FCB-4C53-AC8B-7BC212D5FEFC}
	EndGlobalSection
EndGlobal
