
Microsoft Visual Studio Solution File, Format Version 12.00
# Visual Studio 15
VisualStudioVersion = 15.0.26124.0
MinimumVisualStudioVersion = 15.0.26124.0
Project("{FAE04EC0-301F-11D3-BF4B-00C04F79EFBC}") = "Optsol.Sdk.Application", "src\Optsol.Sdk.Application\Optsol.Sdk.Application.csproj", "{5C4B004A-C641-4F6C-91BE-1CC647EB89A9}"
EndProject
Project("{FAE04EC0-301F-11D3-BF4B-00C04F79EFBC}") = "Optsol.Sdk.Domain", "src\Optsol.Sdk.Domain\Optsol.Sdk.Domain.csproj", "{74D7EB71-FE64-45CA-8215-CD144FC0BD0E}"
EndProject
Project("{FAE04EC0-301F-11D3-BF4B-00C04F79EFBC}") = "Optsol.Sdk.Infra", "src\Optsol.Sdk.Infra\Optsol.Sdk.Infra.csproj", "{C80A01E9-0288-4309-B9F9-59D12AE70182}"
EndProject
Project("{FAE04EC0-301F-11D3-BF4B-00C04F79EFBC}") = "Optsol.Sdk.Shared", "src\Optsol.Sdk.Shared\Optsol.Sdk.Shared.csproj", "{2FBD3609-0172-4BB1-8339-4220BFE859D3}"
EndProject
Project("{FAE04EC0-301F-11D3-BF4B-00C04F79EFBC}") = "Optsol.Sdk.Test.Integration", "src\Optsol.Sdk.Test.Integration\Optsol.Sdk.Test.Integration.csproj", "{04972773-32AB-4436-9929-FD0879D5D7E5}"
EndProject
Project("{FAE04EC0-301F-11D3-BF4B-00C04F79EFBC}") = "Optsol.Sdk.Test.Unit", "src\Optsol.Sdk.Test.Unit\Optsol.Sdk.Test.Unit.csproj", "{31E0B5F7-AFB7-4194-A0FD-8285DC763DB6}"
EndProject
Project("{2150E333-8FDC-42A3-9474-1A3956D46DE8}") = "SDK", "SDK", "{86076FE0-099A-11EB-AD53-654EEF259C2F}"
EndProject
Project("{2150E333-8FDC-42A3-9474-1A3956D46DE8}") = "1 - Application", "1 - Application", "{98A277D0-099A-11EB-AD53-654EEF259C2F}"
EndProject
Project("{2150E333-8FDC-42A3-9474-1A3956D46DE8}") = "2 - Domain", "2 - Domain", "{A1256C50-099A-11EB-AD53-654EEF259C2F}"
EndProject
Project("{2150E333-8FDC-42A3-9474-1A3956D46DE8}") = "3 - Infra", "3 - Infra", "{A8DC8550-099A-11EB-AD53-654EEF259C2F}"
EndProject
Project("{2150E333-8FDC-42A3-9474-1A3956D46DE8}") = "4 - Shared", "4 - Shared", "{B7B491D0-099A-11EB-AD53-654EEF259C2F}"
EndProject
Project("{2150E333-8FDC-42A3-9474-1A3956D46DE8}") = "5 - Test", "5 - Test", "{C0109D60-099A-11EB-AD53-654EEF259C2F}"
EndProject
Global
	GlobalSection(SolutionConfigurationPlatforms) = preSolution
		Debug|Any CPU = Debug|Any CPU
		Debug|x64 = Debug|x64
		Debug|x86 = Debug|x86
		Release|Any CPU = Release|Any CPU
		Release|x64 = Release|x64
		Release|x86 = Release|x86
	EndGlobalSection
	GlobalSection(SolutionProperties) = preSolution
		HideSolutionNode = FALSE
	EndGlobalSection
	GlobalSection(ProjectConfigurationPlatforms) = postSolution
		{5C4B004A-C641-4F6C-91BE-1CC647EB89A9}.Debug|Any CPU.ActiveCfg = Debug|Any CPU
		{5C4B004A-C641-4F6C-91BE-1CC647EB89A9}.Debug|Any CPU.Build.0 = Debug|Any CPU
		{5C4B004A-C641-4F6C-91BE-1CC647EB89A9}.Debug|x64.ActiveCfg = Debug|Any CPU
		{5C4B004A-C641-4F6C-91BE-1CC647EB89A9}.Debug|x64.Build.0 = Debug|Any CPU
		{5C4B004A-C641-4F6C-91BE-1CC647EB89A9}.Debug|x86.ActiveCfg = Debug|Any CPU
		{5C4B004A-C641-4F6C-91BE-1CC647EB89A9}.Debug|x86.Build.0 = Debug|Any CPU
		{5C4B004A-C641-4F6C-91BE-1CC647EB89A9}.Release|Any CPU.ActiveCfg = Release|Any CPU
		{5C4B004A-C641-4F6C-91BE-1CC647EB89A9}.Release|Any CPU.Build.0 = Release|Any CPU
		{5C4B004A-C641-4F6C-91BE-1CC647EB89A9}.Release|x64.ActiveCfg = Release|Any CPU
		{5C4B004A-C641-4F6C-91BE-1CC647EB89A9}.Release|x64.Build.0 = Release|Any CPU
		{5C4B004A-C641-4F6C-91BE-1CC647EB89A9}.Release|x86.ActiveCfg = Release|Any CPU
		{5C4B004A-C641-4F6C-91BE-1CC647EB89A9}.Release|x86.Build.0 = Release|Any CPU
		{74D7EB71-FE64-45CA-8215-CD144FC0BD0E}.Debug|Any CPU.ActiveCfg = Debug|Any CPU
		{74D7EB71-FE64-45CA-8215-CD144FC0BD0E}.Debug|Any CPU.Build.0 = Debug|Any CPU
		{74D7EB71-FE64-45CA-8215-CD144FC0BD0E}.Debug|x64.ActiveCfg = Debug|Any CPU
		{74D7EB71-FE64-45CA-8215-CD144FC0BD0E}.Debug|x64.Build.0 = Debug|Any CPU
		{74D7EB71-FE64-45CA-8215-CD144FC0BD0E}.Debug|x86.ActiveCfg = Debug|Any CPU
		{74D7EB71-FE64-45CA-8215-CD144FC0BD0E}.Debug|x86.Build.0 = Debug|Any CPU
		{74D7EB71-FE64-45CA-8215-CD144FC0BD0E}.Release|Any CPU.ActiveCfg = Release|Any CPU
		{74D7EB71-FE64-45CA-8215-CD144FC0BD0E}.Release|Any CPU.Build.0 = Release|Any CPU
		{74D7EB71-FE64-45CA-8215-CD144FC0BD0E}.Release|x64.ActiveCfg = Release|Any CPU
		{74D7EB71-FE64-45CA-8215-CD144FC0BD0E}.Release|x64.Build.0 = Release|Any CPU
		{74D7EB71-FE64-45CA-8215-CD144FC0BD0E}.Release|x86.ActiveCfg = Release|Any CPU
		{74D7EB71-FE64-45CA-8215-CD144FC0BD0E}.Release|x86.Build.0 = Release|Any CPU
		{C80A01E9-0288-4309-B9F9-59D12AE70182}.Debug|Any CPU.ActiveCfg = Debug|Any CPU
		{C80A01E9-0288-4309-B9F9-59D12AE70182}.Debug|Any CPU.Build.0 = Debug|Any CPU
		{C80A01E9-0288-4309-B9F9-59D12AE70182}.Debug|x64.ActiveCfg = Debug|Any CPU
		{C80A01E9-0288-4309-B9F9-59D12AE70182}.Debug|x64.Build.0 = Debug|Any CPU
		{C80A01E9-0288-4309-B9F9-59D12AE70182}.Debug|x86.ActiveCfg = Debug|Any CPU
		{C80A01E9-0288-4309-B9F9-59D12AE70182}.Debug|x86.Build.0 = Debug|Any CPU
		{C80A01E9-0288-4309-B9F9-59D12AE70182}.Release|Any CPU.ActiveCfg = Release|Any CPU
		{C80A01E9-0288-4309-B9F9-59D12AE70182}.Release|Any CPU.Build.0 = Release|Any CPU
		{C80A01E9-0288-4309-B9F9-59D12AE70182}.Release|x64.ActiveCfg = Release|Any CPU
		{C80A01E9-0288-4309-B9F9-59D12AE70182}.Release|x64.Build.0 = Release|Any CPU
		{C80A01E9-0288-4309-B9F9-59D12AE70182}.Release|x86.ActiveCfg = Release|Any CPU
		{C80A01E9-0288-4309-B9F9-59D12AE70182}.Release|x86.Build.0 = Release|Any CPU
		{2FBD3609-0172-4BB1-8339-4220BFE859D3}.Debug|Any CPU.ActiveCfg = Debug|Any CPU
		{2FBD3609-0172-4BB1-8339-4220BFE859D3}.Debug|Any CPU.Build.0 = Debug|Any CPU
		{2FBD3609-0172-4BB1-8339-4220BFE859D3}.Debug|x64.ActiveCfg = Debug|Any CPU
		{2FBD3609-0172-4BB1-8339-4220BFE859D3}.Debug|x64.Build.0 = Debug|Any CPU
		{2FBD3609-0172-4BB1-8339-4220BFE859D3}.Debug|x86.ActiveCfg = Debug|Any CPU
		{2FBD3609-0172-4BB1-8339-4220BFE859D3}.Debug|x86.Build.0 = Debug|Any CPU
		{2FBD3609-0172-4BB1-8339-4220BFE859D3}.Release|Any CPU.ActiveCfg = Release|Any CPU
		{2FBD3609-0172-4BB1-8339-4220BFE859D3}.Release|Any CPU.Build.0 = Release|Any CPU
		{2FBD3609-0172-4BB1-8339-4220BFE859D3}.Release|x64.ActiveCfg = Release|Any CPU
		{2FBD3609-0172-4BB1-8339-4220BFE859D3}.Release|x64.Build.0 = Release|Any CPU
		{2FBD3609-0172-4BB1-8339-4220BFE859D3}.Release|x86.ActiveCfg = Release|Any CPU
		{2FBD3609-0172-4BB1-8339-4220BFE859D3}.Release|x86.Build.0 = Release|Any CPU
		{04972773-32AB-4436-9929-FD0879D5D7E5}.Debug|Any CPU.ActiveCfg = Debug|Any CPU
		{04972773-32AB-4436-9929-FD0879D5D7E5}.Debug|Any CPU.Build.0 = Debug|Any CPU
		{04972773-32AB-4436-9929-FD0879D5D7E5}.Debug|x64.ActiveCfg = Debug|Any CPU
		{04972773-32AB-4436-9929-FD0879D5D7E5}.Debug|x64.Build.0 = Debug|Any CPU
		{04972773-32AB-4436-9929-FD0879D5D7E5}.Debug|x86.ActiveCfg = Debug|Any CPU
		{04972773-32AB-4436-9929-FD0879D5D7E5}.Debug|x86.Build.0 = Debug|Any CPU
		{04972773-32AB-4436-9929-FD0879D5D7E5}.Release|Any CPU.ActiveCfg = Release|Any CPU
		{04972773-32AB-4436-9929-FD0879D5D7E5}.Release|Any CPU.Build.0 = Release|Any CPU
		{04972773-32AB-4436-9929-FD0879D5D7E5}.Release|x64.ActiveCfg = Release|Any CPU
		{04972773-32AB-4436-9929-FD0879D5D7E5}.Release|x64.Build.0 = Release|Any CPU
		{04972773-32AB-4436-9929-FD0879D5D7E5}.Release|x86.ActiveCfg = Release|Any CPU
		{04972773-32AB-4436-9929-FD0879D5D7E5}.Release|x86.Build.0 = Release|Any CPU
		{31E0B5F7-AFB7-4194-A0FD-8285DC763DB6}.Debug|Any CPU.ActiveCfg = Debug|Any CPU
		{31E0B5F7-AFB7-4194-A0FD-8285DC763DB6}.Debug|Any CPU.Build.0 = Debug|Any CPU
		{31E0B5F7-AFB7-4194-A0FD-8285DC763DB6}.Debug|x64.ActiveCfg = Debug|Any CPU
		{31E0B5F7-AFB7-4194-A0FD-8285DC763DB6}.Debug|x64.Build.0 = Debug|Any CPU
		{31E0B5F7-AFB7-4194-A0FD-8285DC763DB6}.Debug|x86.ActiveCfg = Debug|Any CPU
		{31E0B5F7-AFB7-4194-A0FD-8285DC763DB6}.Debug|x86.Build.0 = Debug|Any CPU
		{31E0B5F7-AFB7-4194-A0FD-8285DC763DB6}.Release|Any CPU.ActiveCfg = Release|Any CPU
		{31E0B5F7-AFB7-4194-A0FD-8285DC763DB6}.Release|Any CPU.Build.0 = Release|Any CPU
		{31E0B5F7-AFB7-4194-A0FD-8285DC763DB6}.Release|x64.ActiveCfg = Release|Any CPU
		{31E0B5F7-AFB7-4194-A0FD-8285DC763DB6}.Release|x64.Build.0 = Release|Any CPU
		{31E0B5F7-AFB7-4194-A0FD-8285DC763DB6}.Release|x86.ActiveCfg = Release|Any CPU
		{31E0B5F7-AFB7-4194-A0FD-8285DC763DB6}.Release|x86.Build.0 = Release|Any CPU
	EndGlobalSection
	GlobalSection(NestedProjects) = preSolution
		{31E0B5F7-AFB7-4194-A0FD-8285DC763DB6} = {C0109D60-099A-11EB-AD53-654EEF259C2F}
		{04972773-32AB-4436-9929-FD0879D5D7E5} = {C0109D60-099A-11EB-AD53-654EEF259C2F}
		{C0109D60-099A-11EB-AD53-654EEF259C2F} = {86076FE0-099A-11EB-AD53-654EEF259C2F}
		{2FBD3609-0172-4BB1-8339-4220BFE859D3} = {B7B491D0-099A-11EB-AD53-654EEF259C2F}
		{B7B491D0-099A-11EB-AD53-654EEF259C2F} = {86076FE0-099A-11EB-AD53-654EEF259C2F}
		{C80A01E9-0288-4309-B9F9-59D12AE70182} = {A8DC8550-099A-11EB-AD53-654EEF259C2F}
		{A8DC8550-099A-11EB-AD53-654EEF259C2F} = {86076FE0-099A-11EB-AD53-654EEF259C2F}
		{74D7EB71-FE64-45CA-8215-CD144FC0BD0E} = {A1256C50-099A-11EB-AD53-654EEF259C2F}
		{A1256C50-099A-11EB-AD53-654EEF259C2F} = {86076FE0-099A-11EB-AD53-654EEF259C2F}
		{5C4B004A-C641-4F6C-91BE-1CC647EB89A9} = {98A277D0-099A-11EB-AD53-654EEF259C2F}
		{98A277D0-099A-11EB-AD53-654EEF259C2F} = {86076FE0-099A-11EB-AD53-654EEF259C2F}
	EndGlobalSection
EndGlobal
